{
  "object": {
    "pins": [
      {
        "package": "Alamofire",
        "repositoryURL": "https://github.com/Alamofire/Alamofire.git",
        "state": {
          "branch": null,
          "revision": "fca036f7aeca07124067cb6e0c12b0ad6359e3d4",
          "version": "5.1.0"
        }
      },
      {
        "package": "CodeBuilder",
        "repositoryURL": "https://github.com/hooliooo/CodeBuilder.git",
        "state": {
          "branch": null,
          "revision": "4a173fbb82f16e55272b63b233e3d88280c0d557",
          "version": "0.2.8"
        }
      },
      {
        "package": "FileKit",
        "repositoryURL": "https://github.com/nvzqz/FileKit",
        "state": {
          "branch": null,
          "revision": "826d9161b184509f80d85c28cd612d630646de98",
          "version": "6.0.0"
        }
      },
      {
        "package": "FineJSON",
        "repositoryURL": "https://github.com/omochi/FineJSON.git",
        "state": {
          "branch": null,
          "revision": "05101709243cb66d80c92e645210a3b80cf4e17f",
          "version": "1.14.0"
        }
      },
      {
        "package": "OpenAPIKit",
        "repositoryURL": "https://github.com/mattpolzin/OpenAPIKit.git",
        "state": {
          "branch": null,
          "revision": "3c7e9f497229507f7ba775759c141407f0e8e1da",
          "version": "0.29.1"
        }
      },
      {
        "package": "RichJSONParser",
        "repositoryURL": "https://github.com/omochi/RichJSONParser.git",
        "state": {
          "branch": null,
          "revision": "263e2ecfe88d0500fa99e4cbc8c948529d335534",
          "version": "3.0.0"
        }
      },
      {
        "package": "swift-argument-parser",
        "repositoryURL": "https://github.com/apple/swift-argument-parser",
        "state": {
          "branch": null,
          "revision": "9f04d1ff1afbccd02279338a2c91e5f27c45e93a",
          "version": "0.0.5"
        }
      },
      {
        "package": "Yams",
        "repositoryURL": "https://github.com/jpsim/Yams.git",
        "state": {
          "branch": null,
          "revision": "c947a306d2e80ecb2c0859047b35c73b8e1ca27f",
          "version": "2.0.0"
        }
      }
    ]
  },
  "version": 1
}
