{
  "object": {
    "pins": [
      {
        "package": "CodeBuilder",
        "repositoryURL": "https://github.com/hooliooo/CodeBuilder.git",
        "state": {
          "branch": null,
          "revision": "2c1f702fb958e3c977d90b19b9c4bfbc5beab6d2",
          "version": "0.2.12"
        }
      },
      {
        "package": "FileKit",
        "repositoryURL": "https://github.com/nvzqz/FileKit",
        "state": {
          "branch": null,
          "revision": "826d9161b184509f80d85c28cd612d630646de98",
          "version": "6.0.0"
        }
      },
      {
        "package": "OpenAPIKit",
        "repositoryURL": "https://github.com/mattpolzin/OpenAPIKit.git",
        "state": {
          "branch": "main",
          "revision": "6316f4f685c60a4586fa4cd606d858b044739d15",
          "version": null
        }
      },
      {
        "package": "swift-argument-parser",
        "repositoryURL": "https://github.com/apple/swift-argument-parser",
        "state": {
          "branch": "main",
          "revision": "cc481f7d1cc911e96a9a403a9c2abeb69d337c2c",
          "version": null
        }
      },
      {
        "package": "Yams",
        "repositoryURL": "https://github.com/jpsim/Yams.git",
        "state": {
          "branch": "main",
          "revision": "e01df7ded908a4632cda8819ce7f3d2c87e06a18",
          "version": null
        }
      }
    ]
  },
  "version": 1
}
